
Microsoft Visual Studio Solution File, Format Version 12.00
# Visual Studio Version 17
VisualStudioVersion = 17.14.36310.24 d17.14
MinimumVisualStudioVersion = 10.0.40219.1
Project("{8BC9CEB8-8B4A-11D0-8D11-00A0C91BC942}") = "HoshioEngine", "HoshioEngine\HoshioEngine.vcxproj", "{53DE162C-4875-4E43-8006-A09B1022BFFF}"
EndProject
Global
	GlobalSection(SolutionConfigurationPlatforms) = preSolution
		Debug|x64 = Debug|x64
		Debug|x86 = Debug|x86
		Release|x64 = Release|x64
		Release|x86 = Release|x86
	EndGlobalSection
	GlobalSection(ProjectConfigurationPlatforms) = postSolution
		{53DE162C-4875-4E43-8006-A09B1022BFFF}.Debug|x64.ActiveCfg = Debug|x64
		{53DE162C-4875-4E43-8006-A09B1022BFFF}.Debug|x64.Build.0 = Debug|x64
		{53DE162C-4875-4E43-8006-A09B1022BFFF}.Debug|x86.ActiveCfg = Debug|Win32
		{53DE162C-4875-4E43-8006-A09B1022BFFF}.Debug|x86.Build.0 = Debug|Win32
		{53DE162C-4875-4E43-8006-A09B1022BFFF}.Release|x64.ActiveCfg = Release|x64
		{53DE162C-4875-4E43-8006-A09B1022BFFF}.Release|x64.Build.0 = Release|x64
		{53DE162C-4875-4E43-8006-A09B1022BFFF}.Release|x86.ActiveCfg = Release|Win32
		{53DE162C-4875-4E43-8006-A09B1022BFFF}.Release|x86.Build.0 = Release|Win32
	EndGlobalSection
	GlobalSection(SolutionProperties) = preSolution
		HideSolutionNode = FALSE
	EndGlobalSection
	GlobalSection(ExtensibilityGlobals) = postSolution
		SolutionGuid = {F1369BAE-356C-424B-A5FF-4EC0B9B8A94D}
	EndGlobalSection
EndGlobal
