<?xml version="1.0" encoding="utf-8"?>
<Project ToolsVersion="4.0" xmlns="http://schemas.microsoft.com/developer/msbuild/2003">
  <ItemGroup>
    <Filter Include="源文件">
      <UniqueIdentifier>{4FC737F1-C7A5-4376-A066-2A32D752A2FF}</UniqueIdentifier>
      <Extensions>cpp;c;cc;cxx;c++;cppm;ixx;def;odl;idl;hpj;bat;asm;asmx</Extensions>
    </Filter>
    <Filter Include="头文件">
      <UniqueIdentifier>{93995380-89BD-4b04-88EB-625FBE52EBFB}</UniqueIdentifier>
      <Extensions>h;hh;hpp;hxx;h++;hm;inl;inc;ipp;xsd</Extensions>
    </Filter>
    <Filter Include="资源文件">
      <UniqueIdentifier>{67DA6AB6-F800-4c08-8B7A-83BB121AAD01}</UniqueIdentifier>
      <Extensions>rc;ico;cur;bmp;dlg;rc2;rct;bin;rgs;gif;jpg;jpeg;jpe;resx;tiff;tif;png;wav;mfcribbon-ms</Extensions>
    </Filter>
  </ItemGroup>
  <ItemGroup>
    <ClInclude Include="src\include\Base\CommandManager.h">
      <Filter>头文件</Filter>
    </ClInclude>
    <ClInclude Include="src\include\Base\DescriptorManager.h">
      <Filter>头文件</Filter>
    </ClInclude>
    <ClInclude Include="src\include\Base\MemoryManager.h">
      <Filter>头文件</Filter>
    </ClInclude>
    <ClInclude Include="src\include\Base\PipelineManager.h">
      <Filter>头文件</Filter>
    </ClInclude>
    <ClInclude Include="src\include\Base\QueryPoolManager.h">
      <Filter>头文件</Filter>
    </ClInclude>
    <ClInclude Include="src\include\Base\RpwfManager.h">
      <Filter>头文件</Filter>
    </ClInclude>
    <ClInclude Include="src\include\Base\SamplerManager.h">
      <Filter>头文件</Filter>
    </ClInclude>
    <ClInclude Include="src\include\Base\SyncManager.h">
      <Filter>头文件</Filter>
    </ClInclude>
    <ClInclude Include="src\include\Base\VulkanBase.h">
      <Filter>头文件</Filter>
    </ClInclude>
    <ClInclude Include="src\include\Engine\Object\Camera.h">
      <Filter>头文件</Filter>
    </ClInclude>
    <ClInclude Include="src\include\Engine\Object\Mesh.h">
      <Filter>头文件</Filter>
    </ClInclude>
    <ClInclude Include="src\include\Engine\Object\Model.h">
      <Filter>头文件</Filter>
    </ClInclude>
    <ClInclude Include="src\include\Engine\Object\Object.h">
      <Filter>头文件</Filter>
    </ClInclude>
    <ClInclude Include="src\include\Engine\Object\Vertex.h">
      <Filter>头文件</Filter>
    </ClInclude>
    <ClInclude Include="src\include\Engine\Panel\Editor\EditorGUIManager.h">
      <Filter>头文件</Filter>
    </ClInclude>
    <ClInclude Include="src\include\Engine\Panel\Editor\EditorInspectorPanel.h">
      <Filter>头文件</Filter>
    </ClInclude>
    <ClInclude Include="src\include\Engine\Panel\Editor\EditorPanel.h">
      <Filter>头文件</Filter>
    </ClInclude>
    <ClInclude Include="src\include\Engine\Panel\PanelManager.h">
      <Filter>头文件</Filter>
    </ClInclude>
    <ClInclude Include="src\include\Engine\ShaderEditor\PipelineNode\DrawScreenNode.h">
      <Filter>头文件</Filter>
    </ClInclude>
    <ClInclude Include="src\include\Engine\ShaderEditor\PipelineNode\PipelineNode.h">
      <Filter>头文件</Filter>
    </ClInclude>
    <ClInclude Include="src\include\Engine\ShaderEditor\Shader.h">
      <Filter>头文件</Filter>
    </ClInclude>
    <ClInclude Include="src\include\Plus\BufferManager.h">
      <Filter>头文件</Filter>
    </ClInclude>
    <ClInclude Include="src\include\Plus\ImageManager.h">
      <Filter>头文件</Filter>
    </ClInclude>
    <ClInclude Include="src\include\Plus\VulkanPlus.h">
      <Filter>头文件</Filter>
    </ClInclude>
    <ClInclude Include="src\include\Utils\CommonUtils.h">
      <Filter>头文件</Filter>
    </ClInclude>
    <ClInclude Include="src\include\Utils\ImageUtils.h">
      <Filter>头文件</Filter>
    </ClInclude>
    <ClInclude Include="src\include\Wins\GlfwManager.h">
      <Filter>头文件</Filter>
    </ClInclude>
    <ClInclude Include="src\include\VulkanCommon.h">
      <Filter>头文件</Filter>
    </ClInclude>
    <ClInclude Include="test\SimplePathTrace\SimplePathTrace.h">
      <Filter>头文件</Filter>
    </ClInclude>
    <ClInclude Include="test\Test3D\Test3D.h">
      <Filter>头文件</Filter>
    </ClInclude>
    <ClInclude Include="test\TestModel\TestModel.h">
      <Filter>头文件</Filter>
    </ClInclude>
    <ClInclude Include="thirdParty\imgui\imconfig.h">
      <Filter>头文件</Filter>
    </ClInclude>
    <ClInclude Include="thirdParty\imgui\imgui.h">
      <Filter>头文件</Filter>
    </ClInclude>
    <ClInclude Include="thirdParty\imgui\imgui_impl_glfw.h">
      <Filter>头文件</Filter>
    </ClInclude>
    <ClInclude Include="thirdParty\imgui\imgui_impl_vulkan.h">
      <Filter>头文件</Filter>
    </ClInclude>
    <ClInclude Include="thirdParty\imgui\imgui_internal.h">
      <Filter>头文件</Filter>
    </ClInclude>
    <ClInclude Include="thirdParty\imgui\imstb_rectpack.h">
      <Filter>头文件</Filter>
    </ClInclude>
    <ClInclude Include="thirdParty\imgui\imstb_textedit.h">
      <Filter>头文件</Filter>
    </ClInclude>
    <ClInclude Include="thirdParty\imgui\imstb_truetype.h">
      <Filter>头文件</Filter>
    </ClInclude>
    <ClInclude Include="test\TestCurve\CurvePanel.h">
      <Filter>头文件</Filter>
    </ClInclude>
    <ClInclude Include="test\TestCurve\RbfNetwork.h">
      <Filter>头文件</Filter>
    </ClInclude>
  </ItemGroup>
  <ItemGroup>
    <ClCompile Include="src\lib\Base\CommandManager.cpp">
      <Filter>源文件</Filter>
    </ClCompile>
    <ClCompile Include="src\lib\Base\DescriptorManager.cpp">
      <Filter>源文件</Filter>
    </ClCompile>
    <ClCompile Include="src\lib\Base\MemoryManager.cpp">
      <Filter>源文件</Filter>
    </ClCompile>
    <ClCompile Include="src\lib\Base\PipelineManager.cpp">
      <Filter>源文件</Filter>
    </ClCompile>
    <ClCompile Include="src\lib\Base\QueryPoolManager.cpp">
      <Filter>源文件</Filter>
    </ClCompile>
    <ClCompile Include="src\lib\Base\RpwfManager.cpp">
      <Filter>源文件</Filter>
    </ClCompile>
    <ClCompile Include="src\lib\Base\SamplerManager.cpp">
      <Filter>源文件</Filter>
    </ClCompile>
    <ClCompile Include="src\lib\Base\SyncManager.cpp">
      <Filter>源文件</Filter>
    </ClCompile>
    <ClCompile Include="src\lib\Base\VulkanBase.cpp">
      <Filter>源文件</Filter>
    </ClCompile>
    <ClCompile Include="src\lib\Engine\Object\Camera.cpp">
      <Filter>源文件</Filter>
    </ClCompile>
    <ClCompile Include="src\lib\Engine\Object\Mesh.cpp">
      <Filter>源文件</Filter>
    </ClCompile>
    <ClCompile Include="src\lib\Engine\Object\Model.cpp">
      <Filter>源文件</Filter>
    </ClCompile>
    <ClCompile Include="src\lib\Engine\Object\Object.cpp">
      <Filter>源文件</Filter>
    </ClCompile>
    <ClCompile Include="src\lib\Engine\Object\Vertex.cpp">
      <Filter>源文件</Filter>
    </ClCompile>
    <ClCompile Include="src\lib\Engine\Panel\Editor\EditorGUIManager.cpp">
      <Filter>源文件</Filter>
    </ClCompile>
    <ClCompile Include="src\lib\Engine\Panel\Editor\EditorInspectorPanel.cpp">
      <Filter>源文件</Filter>
    </ClCompile>
    <ClCompile Include="src\lib\Engine\Panel\Editor\EditorPanel.cpp">
      <Filter>源文件</Filter>
    </ClCompile>
    <ClCompile Include="src\lib\Engine\Panel\PanelManager.cpp">
      <Filter>源文件</Filter>
    </ClCompile>
    <ClCompile Include="src\lib\Engine\ShaderEditor\PipelineNode\DrawScreenNode.cpp">
      <Filter>源文件</Filter>
    </ClCompile>
    <ClCompile Include="src\lib\Engine\ShaderEditor\PipelineNode\PipelineNode.cpp">
      <Filter>源文件</Filter>
    </ClCompile>
    <ClCompile Include="src\lib\Engine\ShaderEditor\Shader.cpp">
      <Filter>源文件</Filter>
    </ClCompile>
    <ClCompile Include="src\lib\Plus\BufferManager.cpp">
      <Filter>源文件</Filter>
    </ClCompile>
    <ClCompile Include="src\lib\Plus\ImageManager.cpp">
      <Filter>源文件</Filter>
    </ClCompile>
    <ClCompile Include="src\lib\Plus\VulkanPlus.cpp">
      <Filter>源文件</Filter>
    </ClCompile>
    <ClCompile Include="src\lib\Utils\CommonUtils.cpp">
      <Filter>源文件</Filter>
    </ClCompile>
    <ClCompile Include="src\lib\Utils\ImageUtils.cpp">
      <Filter>源文件</Filter>
    </ClCompile>
    <ClCompile Include="src\lib\Wins\GlfwManager.cpp">
      <Filter>源文件</Filter>
    </ClCompile>
    <ClCompile Include="test\SimplePathTrace\SimplePathTrace.cpp">
      <Filter>源文件</Filter>
    </ClCompile>
    <ClCompile Include="test\Test3D\Test3D.cpp">
      <Filter>源文件</Filter>
    </ClCompile>
    <ClCompile Include="test\TestModel\TestModel.cpp">
      <Filter>源文件</Filter>
    </ClCompile>
    <ClCompile Include="main.cpp">
      <Filter>源文件</Filter>
    </ClCompile>
    <ClCompile Include="thirdParty\imgui\imgui.cpp">
      <Filter>源文件</Filter>
    </ClCompile>
    <ClCompile Include="thirdParty\imgui\imgui_demo.cpp">
      <Filter>源文件</Filter>
    </ClCompile>
    <ClCompile Include="thirdParty\imgui\imgui_draw.cpp">
      <Filter>源文件</Filter>
    </ClCompile>
    <ClCompile Include="thirdParty\imgui\imgui_impl_glfw.cpp">
      <Filter>源文件</Filter>
    </ClCompile>
    <ClCompile Include="thirdParty\imgui\imgui_impl_vulkan.cpp">
      <Filter>源文件</Filter>
    </ClCompile>
    <ClCompile Include="thirdParty\imgui\imgui_tables.cpp">
      <Filter>源文件</Filter>
    </ClCompile>
    <ClCompile Include="thirdParty\imgui\imgui_widgets.cpp">
      <Filter>源文件</Filter>
    </ClCompile>
    <ClCompile Include="test\TestCurve\CurvePanel.cpp">
      <Filter>源文件</Filter>
    </ClCompile>
    <ClCompile Include="test\TestCurve\RbfNetwork.cpp">
      <Filter>源文件</Filter>
    </ClCompile>
  </ItemGroup>
</Project>